
Microsoft Visual Studio Solution File, Format Version 12.00
# Visual Studio 2012
Project("{FAE04EC0-301F-11D3-BF4B-00C04F79EFBC}") = "DocumentCommentParser.TestConsole", "DocumentCommentParser.Console\DocumentCommentParser.TestConsole.csproj", "{9757DAA7-B04F-4FEA-A5BC-5957302E1D9F}"
EndProject
Project("{2150E333-8FDC-42A3-9474-1A3956D46DE8}") = "Dependencies", "Dependencies", "{0A8499CE-51AC-4025-A740-39473091DC57}"
	ProjectSection(SolutionItems) = preProject
		Dependencies\DocumentFormat.OpenXml.dll = Dependencies\DocumentFormat.OpenXml.dll
		Dependencies\OpenXmlPowerTools.dll = Dependencies\OpenXmlPowerTools.dll
		Dependencies\WindowsBase.dll = Dependencies\WindowsBase.dll
	EndProjectSection
EndProject
Global
	GlobalSection(SolutionConfigurationPlatforms) = preSolution
		Debug|Any CPU = Debug|Any CPU
		Release|Any CPU = Release|Any CPU
	EndGlobalSection
	GlobalSection(ProjectConfigurationPlatforms) = postSolution
		{9757DAA7-B04F-4FEA-A5BC-5957302E1D9F}.Debug|Any CPU.ActiveCfg = Debug|Any CPU
		{9757DAA7-B04F-4FEA-A5BC-5957302E1D9F}.Debug|Any CPU.Build.0 = Debug|Any CPU
		{9757DAA7-B04F-4FEA-A5BC-5957302E1D9F}.Release|Any CPU.ActiveCfg = Release|Any CPU
		{9757DAA7-B04F-4FEA-A5BC-5957302E1D9F}.Release|Any CPU.Build.0 = Release|Any CPU
	EndGlobalSection
	GlobalSection(SolutionProperties) = preSolution
		HideSolutionNode = FALSE
	EndGlobalSection
EndGlobal
